
Microsoft Visual Studio Solution File, Format Version 12.00
Project("{FAE04EC0-301F-11D3-BF4B-00C04F79EFBC}") = "PlaylistMonitor", "PlaylistMonitor\PlaylistMonitor.csproj", "{FF9639F3-3D77-4F7F-8AB9-9D9A24C4709B}"
EndProject
Project("{FAE04EC0-301F-11D3-BF4B-00C04F79EFBC}") = "PlaylistMonitorTests", "PlaylistMonitorTests\PlaylistMonitorTests.csproj", "{D26B114F-C6AD-4C99-9635-C88F0D7D76FF}"
EndProject
Project("{FAE04EC0-301F-11D3-BF4B-00C04F79EFBC}") = "PlaylistCompare", "PlaylistCompare\PlaylistCompare.csproj", "{93CB9B97-29D7-4E57-9CDB-1FA92581AEBD}"
EndProject
Project("{FAE04EC0-301F-11D3-BF4B-00C04F79EFBC}") = "PlaylistCompareTests", "PlaylistCompareTests\PlaylistCompareTests.csproj", "{61F415E8-0ABF-4B89-A481-CFFCA44B564C}"
EndProject
Global
	GlobalSection(SolutionConfigurationPlatforms) = preSolution
		Debug|Any CPU = Debug|Any CPU
		Release|Any CPU = Release|Any CPU
	EndGlobalSection
	GlobalSection(ProjectConfigurationPlatforms) = postSolution
		{FF9639F3-3D77-4F7F-8AB9-9D9A24C4709B}.Debug|Any CPU.ActiveCfg = Debug|Any CPU
		{FF9639F3-3D77-4F7F-8AB9-9D9A24C4709B}.Debug|Any CPU.Build.0 = Debug|Any CPU
		{FF9639F3-3D77-4F7F-8AB9-9D9A24C4709B}.Release|Any CPU.ActiveCfg = Release|Any CPU
		{FF9639F3-3D77-4F7F-8AB9-9D9A24C4709B}.Release|Any CPU.Build.0 = Release|Any CPU
		{D26B114F-C6AD-4C99-9635-C88F0D7D76FF}.Debug|Any CPU.ActiveCfg = Debug|Any CPU
		{D26B114F-C6AD-4C99-9635-C88F0D7D76FF}.Debug|Any CPU.Build.0 = Debug|Any CPU
		{D26B114F-C6AD-4C99-9635-C88F0D7D76FF}.Release|Any CPU.ActiveCfg = Release|Any CPU
		{D26B114F-C6AD-4C99-9635-C88F0D7D76FF}.Release|Any CPU.Build.0 = Release|Any CPU
		{93CB9B97-29D7-4E57-9CDB-1FA92581AEBD}.Debug|Any CPU.ActiveCfg = Debug|Any CPU
		{93CB9B97-29D7-4E57-9CDB-1FA92581AEBD}.Debug|Any CPU.Build.0 = Debug|Any CPU
		{93CB9B97-29D7-4E57-9CDB-1FA92581AEBD}.Release|Any CPU.ActiveCfg = Release|Any CPU
		{93CB9B97-29D7-4E57-9CDB-1FA92581AEBD}.Release|Any CPU.Build.0 = Release|Any CPU
		{61F415E8-0ABF-4B89-A481-CFFCA44B564C}.Debug|Any CPU.ActiveCfg = Debug|Any CPU
		{61F415E8-0ABF-4B89-A481-CFFCA44B564C}.Debug|Any CPU.Build.0 = Debug|Any CPU
		{61F415E8-0ABF-4B89-A481-CFFCA44B564C}.Release|Any CPU.ActiveCfg = Release|Any CPU
		{61F415E8-0ABF-4B89-A481-CFFCA44B564C}.Release|Any CPU.Build.0 = Release|Any CPU
	EndGlobalSection
EndGlobal
